
Microsoft Visual Studio Solution File, Format Version 12.00
# Visual Studio Version 17
VisualStudioVersion = 17.1.32421.90
MinimumVisualStudioVersion = 10.0.40219.1
Project("{FAE04EC0-301F-11D3-BF4B-00C04F79EFBC}") = "PrevodSoustav_IT3A", "PrevodSoustav_IT3A\PrevodSoustav_IT3A.csproj", "{2D953E85-A95A-464A-A7F1-928F3A998062}"
EndProject
Global
	GlobalSection(SolutionConfigurationPlatforms) = preSolution
		Debug|Any CPU = Debug|Any CPU
		Release|Any CPU = Release|Any CPU
	EndGlobalSection
	GlobalSection(ProjectConfigurationPlatforms) = postSolution
		{2D953E85-A95A-464A-A7F1-928F3A998062}.Debug|Any CPU.ActiveCfg = Debug|Any CPU
		{2D953E85-A95A-464A-A7F1-928F3A998062}.Debug|Any CPU.Build.0 = Debug|Any CPU
		{2D953E85-A95A-464A-A7F1-928F3A998062}.Release|Any CPU.ActiveCfg = Release|Any CPU
		{2D953E85-A95A-464A-A7F1-928F3A998062}.Release|Any CPU.Build.0 = Release|Any CPU
	EndGlobalSection
	GlobalSection(SolutionProperties) = preSolution
		HideSolutionNode = FALSE
	EndGlobalSection
	GlobalSection(ExtensibilityGlobals) = postSolution
		SolutionGuid = {C257A060-CC2A-4DD9-A958-3BBA0C274168}
	EndGlobalSection
EndGlobal
